
Microsoft Visual Studio Solution File, Format Version 12.00
# Visual Studio Version 16
VisualStudioVersion = 16.0.31205.134
MinimumVisualStudioVersion = 10.0.40219.1
Project("{FAE04EC0-301F-11D3-BF4B-00C04F79EFBC}") = "Estadistica_IncendiosForestales", "Estadistica_IncendiosForestales\Estadistica_IncendiosForestales.csproj", "{DE0891FE-3708-47E8-BD60-5C5B7060B408}"
EndProject
Global
	GlobalSection(SolutionConfigurationPlatforms) = preSolution
		Debug|Any CPU = Debug|Any CPU
		Release|Any CPU = Release|Any CPU
	EndGlobalSection
	GlobalSection(ProjectConfigurationPlatforms) = postSolution
		{DE0891FE-3708-47E8-BD60-5C5B7060B408}.Debug|Any CPU.ActiveCfg = Debug|Any CPU
		{DE0891FE-3708-47E8-BD60-5C5B7060B408}.Debug|Any CPU.Build.0 = Debug|Any CPU
		{DE0891FE-3708-47E8-BD60-5C5B7060B408}.Release|Any CPU.ActiveCfg = Release|Any CPU
		{DE0891FE-3708-47E8-BD60-5C5B7060B408}.Release|Any CPU.Build.0 = Release|Any CPU
	EndGlobalSection
	GlobalSection(SolutionProperties) = preSolution
		HideSolutionNode = FALSE
	EndGlobalSection
	GlobalSection(ExtensibilityGlobals) = postSolution
		SolutionGuid = {7B3BDFB2-0B9D-4CEB-8715-ED051C43B939}
	EndGlobalSection
EndGlobal
